
Microsoft Visual Studio Solution File, Format Version 12.00
Project("{FAE04EC0-301F-11D3-BF4B-00C04F79EFBC}") = "MarketMakerBlazorClient", "MarketMakerBlazorClient\MarketMakerBlazorClient.csproj", "{ED6F2A20-CBD7-499E-9730-708920BC6164}"
EndProject
Global
	GlobalSection(SolutionConfigurationPlatforms) = preSolution
		Debug|Any CPU = Debug|Any CPU
		Release|Any CPU = Release|Any CPU
	EndGlobalSection
	GlobalSection(ProjectConfigurationPlatforms) = postSolution
		{ED6F2A20-CBD7-499E-9730-708920BC6164}.Debug|Any CPU.ActiveCfg = Debug|Any CPU
		{ED6F2A20-CBD7-499E-9730-708920BC6164}.Debug|Any CPU.Build.0 = Debug|Any CPU
		{ED6F2A20-CBD7-499E-9730-708920BC6164}.Release|Any CPU.ActiveCfg = Release|Any CPU
		{ED6F2A20-CBD7-499E-9730-708920BC6164}.Release|Any CPU.Build.0 = Release|Any CPU
	EndGlobalSection
EndGlobal
